// !$*UTF8*$!
{
	archiveVersion = 1;
	classes = {
	};
	objectVersion = 56;
	objects = {

/* Begin PBXBuildFile section */
		182EEAFD29683E54007A1F61 /* FileManagerListApp.swift in Sources */ = {isa = PBXBuildFile; fileRef = 182EEAFC29683E54007A1F61 /* FileManagerListApp.swift */; };
		182EEAFF29683E54007A1F61 /* FileManagerView.swift in Sources */ = {isa = PBXBuildFile; fileRef = 182EEAFE29683E54007A1F61 /* FileManagerView.swift */; };
		182EEB0129683E56007A1F61 /* Assets.xcassets in Resources */ = {isa = PBXBuildFile; fileRef = 182EEB0029683E56007A1F61 /* Assets.xcassets */; };
		182EEB0429683E56007A1F61 /* Preview Assets.xcassets in Resources */ = {isa = PBXBuildFile; fileRef = 182EEB0329683E56007A1F61 /* Preview Assets.xcassets */; };
		182EEB0D29684219007A1F61 /* FileManagerModel.swift in Sources */ = {isa = PBXBuildFile; fileRef = 182EEB0C29684219007A1F61 /* FileManagerModel.swift */; };
		182EEB0F2968437B007A1F61 /* FileManagerViewModel.swift in Sources */ = {isa = PBXBuildFile; fileRef = 182EEB0E2968437B007A1F61 /* FileManagerViewModel.swift */; };
		18BAD4A0296D7D6B006FF4D8 /* ListImagePreview.swift in Sources */ = {isa = PBXBuildFile; fileRef = 18BAD49F296D7D6B006FF4D8 /* ListImagePreview.swift */; };
		18BAD4A2296D95CC006FF4D8 /* ImagePassView.swift in Sources */ = {isa = PBXBuildFile; fileRef = 18BAD4A1296D95CC006FF4D8 /* ImagePassView.swift */; };
/* End PBXBuildFile section */

/* Begin PBXFileReference section */
		182EEAF929683E54007A1F61 /* FileManagerList.app */ = {isa = PBXFileReference; explicitFileType = wrapper.application; includeInIndex = 0; path = FileManagerList.app; sourceTree = BUILT_PRODUCTS_DIR; };
		182EEAFC29683E54007A1F61 /* FileManagerListApp.swift */ = {isa = PBXFileReference; lastKnownFileType = sourcecode.swift; path = FileManagerListApp.swift; sourceTree = "<group>"; };
		182EEAFE29683E54007A1F61 /* FileManagerView.swift */ = {isa = PBXFileReference; lastKnownFileType = sourcecode.swift; path = FileManagerView.swift; sourceTree = "<group>"; };
		182EEB0029683E56007A1F61 /* Assets.xcassets */ = {isa = PBXFileReference; lastKnownFileType = folder.assetcatalog; path = Assets.xcassets; sourceTree = "<group>"; };
		182EEB0329683E56007A1F61 /* Preview Assets.xcassets */ = {isa = PBXFileReference; lastKnownFileType = folder.assetcatalog; path = "Preview Assets.xcassets"; sourceTree = "<group>"; };
		182EEB0C29684219007A1F61 /* FileManagerModel.swift */ = {isa = PBXFileReference; lastKnownFileType = sourcecode.swift; path = FileManagerModel.swift; sourceTree = "<group>"; };
		182EEB0E2968437B007A1F61 /* FileManagerViewModel.swift */ = {isa = PBXFileReference; lastKnownFileType = sourcecode.swift; path = FileManagerViewModel.swift; sourceTree = "<group>"; };
		18BAD49F296D7D6B006FF4D8 /* ListImagePreview.swift */ = {isa = PBXFileReference; lastKnownFileType = sourcecode.swift; path = ListImagePreview.swift; sourceTree = "<group>"; };
		18BAD4A1296D95CC006FF4D8 /* ImagePassView.swift */ = {isa = PBXFileReference; lastKnownFileType = sourcecode.swift; path = ImagePassView.swift; sourceTree = "<group>"; };
/* End PBXFileReference section */

/* Begin PBXFrameworksBuildPhase section */
		182EEAF629683E54007A1F61 /* Frameworks */ = {
			isa = PBXFrameworksBuildPhase;
			buildActionMask = 2147483647;
			files = (
			);
			runOnlyForDeploymentPostprocessing = 0;
		};
/* End PBXFrameworksBuildPhase section */

/* Begin PBXGroup section */
		182EEAF029683E54007A1F61 = {
			isa = PBXGroup;
			children = (
				182EEAFB29683E54007A1F61 /* FileManagerList */,
				182EEAFA29683E54007A1F61 /* Products */,
			);
			sourceTree = "<group>";
		};
		182EEAFA29683E54007A1F61 /* Products */ = {
			isa = PBXGroup;
			children = (
				182EEAF929683E54007A1F61 /* FileManagerList.app */,
			);
			name = Products;
			sourceTree = "<group>";
		};
		182EEAFB29683E54007A1F61 /* FileManagerList */ = {
			isa = PBXGroup;
			children = (
				182EEAFC29683E54007A1F61 /* FileManagerListApp.swift */,
				182EEAFE29683E54007A1F61 /* FileManagerView.swift */,
				18BAD49F296D7D6B006FF4D8 /* ListImagePreview.swift */,
				18BAD4A1296D95CC006FF4D8 /* ImagePassView.swift */,
				182EEB0E2968437B007A1F61 /* FileManagerViewModel.swift */,
				182EEB0C29684219007A1F61 /* FileManagerModel.swift */,
				182EEB0029683E56007A1F61 /* Assets.xcassets */,
				182EEB0229683E56007A1F61 /* Preview Content */,
			);
			path = FileManagerList;
			sourceTree = "<group>";
		};
		182EEB0229683E56007A1F61 /* Preview Content */ = {
			isa = PBXGroup;
			children = (
				182EEB0329683E56007A1F61 /* Preview Assets.xcassets */,
			);
			path = "Preview Content";
			sourceTree = "<group>";
		};
/* End PBXGroup section */

/* Begin PBXNativeTarget section */
		182EEAF829683E54007A1F61 /* FileManagerList */ = {
			isa = PBXNativeTarget;
			buildConfigurationList = 182EEB0729683E56007A1F61 /* Build configuration list for PBXNativeTarget "FileManagerList" */;
			buildPhases = (
				182EEAF529683E54007A1F61 /* Sources */,
				182EEAF629683E54007A1F61 /* Frameworks */,
				182EEAF729683E54007A1F61 /* Resources */,
			);
			buildRules = (
			);
			dependencies = (
			);
			name = FileManagerList;
			productName = FileManagerList;
			productReference = 182EEAF929683E54007A1F61 /* FileManagerList.app */;
			productType = "com.apple.product-type.application";
		};
/* End PBXNativeTarget section */

/* Begin PBXProject section */
		182EEAF129683E54007A1F61 /* Project object */ = {
			isa = PBXProject;
			attributes = {
				BuildIndependentTargetsInParallel = 1;
				LastSwiftUpdateCheck = 1410;
				LastUpgradeCheck = 1410;
				TargetAttributes = {
					182EEAF829683E54007A1F61 = {
						CreatedOnToolsVersion = 14.1;
					};
				};
			};
			buildConfigurationList = 182EEAF429683E54007A1F61 /* Build configuration list for PBXProject "FileManagerList" */;
			compatibilityVersion = "Xcode 14.0";
			developmentRegion = en;
			hasScannedForEncodings = 0;
			knownRegions = (
				en,
				Base,
			);
			mainGroup = 182EEAF029683E54007A1F61;
			productRefGroup = 182EEAFA29683E54007A1F61 /* Products */;
			projectDirPath = "";
			projectRoot = "";
			targets = (
				182EEAF829683E54007A1F61 /* FileManagerList */,
			);
		};
/* End PBXProject section */

/* Begin PBXResourcesBuildPhase section */
		182EEAF729683E54007A1F61 /* Resources */ = {
			isa = PBXResourcesBuildPhase;
			buildActionMask = 2147483647;
			files = (
				182EEB0429683E56007A1F61 /* Preview Assets.xcassets in Resources */,
				182EEB0129683E56007A1F61 /* Assets.xcassets in Resources */,
			);
			runOnlyForDeploymentPostprocessing = 0;
		};
/* End PBXResourcesBuildPhase section */

/* Begin PBXSourcesBuildPhase section */
		182EEAF529683E54007A1F61 /* Sources */ = {
			isa = PBXSourcesBuildPhase;
			buildActionMask = 2147483647;
			files = (
				182EEB0F2968437B007A1F61 /* FileManagerViewModel.swift in Sources */,
				18BAD4A0296D7D6B006FF4D8 /* ListImagePreview.swift in Sources */,
				182EEB0D29684219007A1F61 /* FileManagerModel.swift in Sources */,
				182EEAFF29683E54007A1F61 /* FileManagerView.swift in Sources */,
				182EEAFD29683E54007A1F61 /* FileManagerListApp.swift in Sources */,
				18BAD4A2296D95CC006FF4D8 /* ImagePassView.swift in Sources */,
			);
			runOnlyForDeploymentPostprocessing = 0;
		};
/* End PBXSourcesBuildPhase section */

/* Begin XCBuildConfiguration section */
		182EEB0529683E56007A1F61 /* Debug */ = {
			isa = XCBuildConfiguration;
			buildSettings = {
				ALWAYS_SEARCH_USER_PATHS = NO;
				CLANG_ANALYZER_NONNULL = YES;
				CLANG_ANALYZER_NUMBER_OBJECT_CONVERSION = YES_AGGRESSIVE;
				CLANG_CXX_LANGUAGE_STANDARD = "gnu++20";
				CLANG_ENABLE_MODULES = YES;
				CLANG_ENABLE_OBJC_ARC = YES;
				CLANG_ENABLE_OBJC_WEAK = YES;
				CLANG_WARN_BLOCK_CAPTURE_AUTORELEASING = YES;
				CLANG_WARN_BOOL_CONVERSION = YES;
				CLANG_WARN_COMMA = YES;
				CLANG_WARN_CONSTANT_CONVERSION = YES;
				CLANG_WARN_DEPRECATED_OBJC_IMPLEMENTATIONS = YES;
				CLANG_WARN_DIRECT_OBJC_ISA_USAGE = YES_ERROR;
				CLANG_WARN_DOCUMENTATION_COMMENTS = YES;
				CLANG_WARN_EMPTY_BODY = YES;
				CLANG_WARN_ENUM_CONVERSION = YES;
				CLANG_WARN_INFINITE_RECURSION = YES;
				CLANG_WARN_INT_CONVERSION = YES;
				CLANG_WARN_NON_LITERAL_NULL_CONVERSION = YES;
				CLANG_WARN_OBJC_IMPLICIT_RETAIN_SELF = YES;
				CLANG_WARN_OBJC_LITERAL_CONVERSION = YES;
				CLANG_WARN_OBJC_ROOT_CLASS = YES_ERROR;
				CLANG_WARN_QUOTED_INCLUDE_IN_FRAMEWORK_HEADER = YES;
				CLANG_WARN_RANGE_LOOP_ANALYSIS = YES;
				CLANG_WARN_STRICT_PROTOTYPES = YES;
				CLANG_WARN_SUSPICIOUS_MOVE = YES;
				CLANG_WARN_UNGUARDED_AVAILABILITY = YES_AGGRESSIVE;
				CLANG_WARN_UNREACHABLE_CODE = YES;
				CLANG_WARN__DUPLICATE_METHOD_MATCH = YES;
				COPY_PHASE_STRIP = NO;
				DEBUG_INFORMATION_FORMAT = dwarf;
				ENABLE_STRICT_OBJC_MSGSEND = YES;
				ENABLE_TESTABILITY = YES;
				GCC_C_LANGUAGE_STANDARD = gnu11;
				GCC_DYNAMIC_NO_PIC = NO;
				GCC_NO_COMMON_BLOCKS = YES;
				GCC_OPTIMIZATION_LEVEL = 0;
				GCC_PREPROCESSOR_DEFINITIONS = (
					"DEBUG=1",
					"$(inherited)",
				);
				GCC_WARN_64_TO_32_BIT_CONVERSION = YES;
				GCC_WARN_ABOUT_RETURN_TYPE = YES_ERROR;
				GCC_WARN_UNDECLARED_SELECTOR = YES;
				GCC_WARN_UNINITIALIZED_AUTOS = YES_AGGRESSIVE;
				GCC_WARN_UNUSED_FUNCTION = YES;
				GCC_WARN_UNUSED_VARIABLE = YES;
				IPHONEOS_DEPLOYMENT_TARGET = 16.1;
				MTL_ENABLE_DEBUG_INFO = INCLUDE_SOURCE;
				MTL_FAST_MATH = YES;
				ONLY_ACTIVE_ARCH = YES;
				SDKROOT = iphoneos;
				SWIFT_ACTIVE_COMPILATION_CONDITIONS = DEBUG;
				SWIFT_OPTIMIZATION_LEVEL = "-Onone";
			};
			name = Debug;
		};
		182EEB0629683E56007A1F61 /* Release */ = {
			isa = XCBuildConfiguration;
			buildSettings = {
				ALWAYS_SEARCH_USER_PATHS = NO;
				CLANG_ANALYZER_NONNULL = YES;
				CLANG_ANALYZER_NUMBER_OBJECT_CONVERSION = YES_AGGRESSIVE;
				CLANG_CXX_LANGUAGE_STANDARD = "gnu++20";
				CLANG_ENABLE_MODULES = YES;
				CLANG_ENABLE_OBJC_ARC = YES;
				CLANG_ENABLE_OBJC_WEAK = YES;
				CLANG_WARN_BLOCK_CAPTURE_AUTORELEASING = YES;
				CLANG_WARN_BOOL_CONVERSION = YES;
				CLANG_WARN_COMMA = YES;
				CLANG_WARN_CONSTANT_CONVERSION = YES;
				CLANG_WARN_DEPRECATED_OBJC_IMPLEMENTATIONS = YES;
				CLANG_WARN_DIRECT_OBJC_ISA_USAGE = YES_ERROR;
				CLANG_WARN_DOCUMENTATION_COMMENTS = YES;
				CLANG_WARN_EMPTY_BODY = YES;
				CLANG_WARN_ENUM_CONVERSION = YES;
				CLANG_WARN_INFINITE_RECURSION = YES;
				CLANG_WARN_INT_CONVERSION = YES;
				CLANG_WARN_NON_LITERAL_NULL_CONVERSION = YES;
				CLANG_WARN_OBJC_IMPLICIT_RETAIN_SELF = YES;
				CLANG_WARN_OBJC_LITERAL_CONVERSION = YES;
				CLANG_WARN_OBJC_ROOT_CLASS = YES_ERROR;
				CLANG_WARN_QUOTED_INCLUDE_IN_FRAMEWORK_HEADER = YES;
				CLANG_WARN_RANGE_LOOP_ANALYSIS = YES;
				CLANG_WARN_STRICT_PROTOTYPES = YES;
				CLANG_WARN_SUSPICIOUS_MOVE = YES;
				CLANG_WARN_UNGUARDED_AVAILABILITY = YES_AGGRESSIVE;
				CLANG_WARN_UNREACHABLE_CODE = YES;
				CLANG_WARN__DUPLICATE_METHOD_MATCH = YES;
				COPY_PHASE_STRIP = NO;
				DEBUG_INFORMATION_FORMAT = "dwarf-with-dsym";
				ENABLE_NS_ASSERTIONS = NO;
				ENABLE_STRICT_OBJC_MSGSEND = YES;
				GCC_C_LANGUAGE_STANDARD = gnu11;
				GCC_NO_COMMON_BLOCKS = YES;
				GCC_WARN_64_TO_32_BIT_CONVERSION = YES;
				GCC_WARN_ABOUT_RETURN_TYPE = YES_ERROR;
				GCC_WARN_UNDECLARED_SELECTOR = YES;
				GCC_WARN_UNINITIALIZED_AUTOS = YES_AGGRESSIVE;
				GCC_WARN_UNUSED_FUNCTION = YES;
				GCC_WARN_UNUSED_VARIABLE = YES;
				IPHONEOS_DEPLOYMENT_TARGET = 16.1;
				MTL_ENABLE_DEBUG_INFO = NO;
				MTL_FAST_MATH = YES;
				SDKROOT = iphoneos;
				SWIFT_COMPILATION_MODE = wholemodule;
				SWIFT_OPTIMIZATION_LEVEL = "-O";
				VALIDATE_PRODUCT = YES;
			};
			name = Release;
		};
		182EEB0829683E56007A1F61 /* Debug */ = {
			isa = XCBuildConfiguration;
			buildSettings = {
				ASSETCATALOG_COMPILER_APPICON_NAME = AppIcon;
				ASSETCATALOG_COMPILER_GLOBAL_ACCENT_COLOR_NAME = AccentColor;
				CODE_SIGN_STYLE = Automatic;
				CURRENT_PROJECT_VERSION = 1;
				DEVELOPMENT_ASSET_PATHS = "\"FileManagerList/Preview Content\"";
				DEVELOPMENT_TEAM = SY4CHD2YQ6;
				ENABLE_PREVIEWS = YES;
				GENERATE_INFOPLIST_FILE = YES;
				INFOPLIST_KEY_UIApplicationSceneManifest_Generation = YES;
				INFOPLIST_KEY_UIApplicationSupportsIndirectInputEvents = YES;
				INFOPLIST_KEY_UILaunchScreen_Generation = YES;
				INFOPLIST_KEY_UISupportedInterfaceOrientations_iPad = "UIInterfaceOrientationPortrait UIInterfaceOrientationPortraitUpsideDown UIInterfaceOrientationLandscapeLeft UIInterfaceOrientationLandscapeRight";
				INFOPLIST_KEY_UISupportedInterfaceOrientations_iPhone = "UIInterfaceOrientationPortrait UIInterfaceOrientationLandscapeLeft UIInterfaceOrientationLandscapeRight";
				LD_RUNPATH_SEARCH_PATHS = (
					"$(inherited)",
					"@executable_path/Frameworks",
				);
				MARKETING_VERSION = 1.0;
				PRODUCT_BUNDLE_IDENTIFIER = com.digival.FileManagerList;
				PRODUCT_NAME = "$(TARGET_NAME)";
				SWIFT_EMIT_LOC_STRINGS = YES;
				SWIFT_VERSION = 5.0;
				TARGETED_DEVICE_FAMILY = "1,2";
			};
			name = Debug;
		};
		182EEB0929683E56007A1F61 /* Release */ = {
			isa = XCBuildConfiguration;
			buildSettings = {
				ASSETCATALOG_COMPILER_APPICON_NAME = AppIcon;
				ASSETCATALOG_COMPILER_GLOBAL_ACCENT_COLOR_NAME = AccentColor;
				CODE_SIGN_STYLE = Automatic;
				CURRENT_PROJECT_VERSION = 1;
				DEVELOPMENT_ASSET_PATHS = "\"FileManagerList/Preview Content\"";
				DEVELOPMENT_TEAM = SY4CHD2YQ6;
				ENABLE_PREVIEWS = YES;
				GENERATE_INFOPLIST_FILE = YES;
				INFOPLIST_KEY_UIApplicationSceneManifest_Generation = YES;
				INFOPLIST_KEY_UIApplicationSupportsIndirectInputEvents = YES;
				INFOPLIST_KEY_UILaunchScreen_Generation = YES;
				INFOPLIST_KEY_UISupportedInterfaceOrientations_iPad = "UIInterfaceOrientationPortrait UIInterfaceOrientationPortraitUpsideDown UIInterfaceOrientationLandscapeLeft UIInterfaceOrientationLandscapeRight";
				INFOPLIST_KEY_UISupportedInterfaceOrientations_iPhone = "UIInterfaceOrientationPortrait UIInterfaceOrientationLandscapeLeft UIInterfaceOrientationLandscapeRight";
				LD_RUNPATH_SEARCH_PATHS = (
					"$(inherited)",
					"@executable_path/Frameworks",
				);
				MARKETING_VERSION = 1.0;
				PRODUCT_BUNDLE_IDENTIFIER = com.digival.FileManagerList;
				PRODUCT_NAME = "$(TARGET_NAME)";
				SWIFT_EMIT_LOC_STRINGS = YES;
				SWIFT_VERSION = 5.0;
				TARGETED_DEVICE_FAMILY = "1,2";
			};
			name = Release;
		};
/* End XCBuildConfiguration section */

/* Begin XCConfigurationList section */
		182EEAF429683E54007A1F61 /* Build configuration list for PBXProject "FileManagerList" */ = {
			isa = XCConfigurationList;
			buildConfigurations = (
				182EEB0529683E56007A1F61 /* Debug */,
				182EEB0629683E56007A1F61 /* Release */,
			);
			defaultConfigurationIsVisible = 0;
			defaultConfigurationName = Release;
		};
		182EEB0729683E56007A1F61 /* Build configuration list for PBXNativeTarget "FileManagerList" */ = {
			isa = XCConfigurationList;
			buildConfigurations = (
				182EEB0829683E56007A1F61 /* Debug */,
				182EEB0929683E56007A1F61 /* Release */,
			);
			defaultConfigurationIsVisible = 0;
			defaultConfigurationName = Release;
		};
/* End XCConfigurationList section */
	};
	rootObject = 182EEAF129683E54007A1F61 /* Project object */;
}
